
Microsoft Visual Studio Solution File, Format Version 11.00
# Visual Studio 2010
Project("{FAE04EC0-301F-11D3-BF4B-00C04F79EFBC}") = "HotelFee", "HotelFee\HotelFee.csproj", "{A947F42A-031F-4183-BB77-AC2E2802C4FB}"
EndProject
Project("{FAE04EC0-301F-11D3-BF4B-00C04F79EFBC}") = "TestProject1", "TestProject1\TestProject1.csproj", "{601C0D57-B41D-4AF6-96F0-DD1FDC5A0D36}"
EndProject
Project("{2150E333-8FDC-42A3-9474-1A3956D46DE8}") = "Solution Items", "Solution Items", "{41F8805E-2D15-42A4-B19C-0FC89A9C498E}"
	ProjectSection(SolutionItems) = preProject
		HotelFee.vsmdi = HotelFee.vsmdi
		Local.testsettings = Local.testsettings
		TraceAndTestImpact.testsettings = TraceAndTestImpact.testsettings
	EndProjectSection
EndProject
Project("{FAE04EC0-301F-11D3-BF4B-00C04F79EFBC}") = "WindowsFormsApplication1", "WindowsFormsApplication1\WindowsFormsApplication1.csproj", "{29802B5E-259F-4F7A-9E15-53FD7A669E6D}"
EndProject
Global
	GlobalSection(TestCaseManagementSettings) = postSolution
		CategoryFile = HotelFee.vsmdi
	EndGlobalSection
	GlobalSection(SolutionConfigurationPlatforms) = preSolution
		Debug|Any CPU = Debug|Any CPU
		Debug|Mixed Platforms = Debug|Mixed Platforms
		Debug|x86 = Debug|x86
		Release|Any CPU = Release|Any CPU
		Release|Mixed Platforms = Release|Mixed Platforms
		Release|x86 = Release|x86
	EndGlobalSection
	GlobalSection(ProjectConfigurationPlatforms) = postSolution
		{A947F42A-031F-4183-BB77-AC2E2802C4FB}.Debug|Any CPU.ActiveCfg = Debug|Any CPU
		{A947F42A-031F-4183-BB77-AC2E2802C4FB}.Debug|Any CPU.Build.0 = Debug|Any CPU
		{A947F42A-031F-4183-BB77-AC2E2802C4FB}.Debug|Mixed Platforms.ActiveCfg = Debug|Any CPU
		{A947F42A-031F-4183-BB77-AC2E2802C4FB}.Debug|Mixed Platforms.Build.0 = Debug|Any CPU
		{A947F42A-031F-4183-BB77-AC2E2802C4FB}.Debug|x86.ActiveCfg = Debug|Any CPU
		{A947F42A-031F-4183-BB77-AC2E2802C4FB}.Release|Any CPU.ActiveCfg = Release|Any CPU
		{A947F42A-031F-4183-BB77-AC2E2802C4FB}.Release|Any CPU.Build.0 = Release|Any CPU
		{A947F42A-031F-4183-BB77-AC2E2802C4FB}.Release|Mixed Platforms.ActiveCfg = Release|Any CPU
		{A947F42A-031F-4183-BB77-AC2E2802C4FB}.Release|Mixed Platforms.Build.0 = Release|Any CPU
		{A947F42A-031F-4183-BB77-AC2E2802C4FB}.Release|x86.ActiveCfg = Release|Any CPU
		{601C0D57-B41D-4AF6-96F0-DD1FDC5A0D36}.Debug|Any CPU.ActiveCfg = Debug|Any CPU
		{601C0D57-B41D-4AF6-96F0-DD1FDC5A0D36}.Debug|Any CPU.Build.0 = Debug|Any CPU
		{601C0D57-B41D-4AF6-96F0-DD1FDC5A0D36}.Debug|Mixed Platforms.ActiveCfg = Debug|Any CPU
		{601C0D57-B41D-4AF6-96F0-DD1FDC5A0D36}.Debug|Mixed Platforms.Build.0 = Debug|Any CPU
		{601C0D57-B41D-4AF6-96F0-DD1FDC5A0D36}.Debug|x86.ActiveCfg = Debug|Any CPU
		{601C0D57-B41D-4AF6-96F0-DD1FDC5A0D36}.Release|Any CPU.ActiveCfg = Release|Any CPU
		{601C0D57-B41D-4AF6-96F0-DD1FDC5A0D36}.Release|Any CPU.Build.0 = Release|Any CPU
		{601C0D57-B41D-4AF6-96F0-DD1FDC5A0D36}.Release|Mixed Platforms.ActiveCfg = Release|Any CPU
		{601C0D57-B41D-4AF6-96F0-DD1FDC5A0D36}.Release|Mixed Platforms.Build.0 = Release|Any CPU
		{601C0D57-B41D-4AF6-96F0-DD1FDC5A0D36}.Release|x86.ActiveCfg = Release|Any CPU
		{29802B5E-259F-4F7A-9E15-53FD7A669E6D}.Debug|Any CPU.ActiveCfg = Debug|x86
		{29802B5E-259F-4F7A-9E15-53FD7A669E6D}.Debug|Mixed Platforms.ActiveCfg = Debug|x86
		{29802B5E-259F-4F7A-9E15-53FD7A669E6D}.Debug|Mixed Platforms.Build.0 = Debug|x86
		{29802B5E-259F-4F7A-9E15-53FD7A669E6D}.Debug|x86.ActiveCfg = Debug|x86
		{29802B5E-259F-4F7A-9E15-53FD7A669E6D}.Debug|x86.Build.0 = Debug|x86
		{29802B5E-259F-4F7A-9E15-53FD7A669E6D}.Release|Any CPU.ActiveCfg = Release|x86
		{29802B5E-259F-4F7A-9E15-53FD7A669E6D}.Release|Mixed Platforms.ActiveCfg = Release|x86
		{29802B5E-259F-4F7A-9E15-53FD7A669E6D}.Release|Mixed Platforms.Build.0 = Release|x86
		{29802B5E-259F-4F7A-9E15-53FD7A669E6D}.Release|x86.ActiveCfg = Release|x86
		{29802B5E-259F-4F7A-9E15-53FD7A669E6D}.Release|x86.Build.0 = Release|x86
	EndGlobalSection
	GlobalSection(SolutionProperties) = preSolution
		HideSolutionNode = FALSE
	EndGlobalSection
EndGlobal
