
Microsoft Visual Studio Solution File, Format Version 11.00
# Visual Studio 2010
Project("{FAE04EC0-301F-11D3-BF4B-00C04F79EFBC}") = "HotelManagement", "HotelManagement.csproj", "{19150A0E-CB1A-4A09-BF1C-25E5857CF7F9}"
EndProject
Project("{FAE04EC0-301F-11D3-BF4B-00C04F79EFBC}") = "HotelDAL", "..\HotelDAL\HotelDAL.csproj", "{1110F51C-8684-4826-BC18-DE76F6A4A147}"
EndProject
Project("{FAE04EC0-301F-11D3-BF4B-00C04F79EFBC}") = "HotelFee", "..\HotelFee\HotelFee\HotelFee.csproj", "{A947F42A-031F-4183-BB77-AC2E2802C4FB}"
EndProject
Project("{FAE04EC0-301F-11D3-BF4B-00C04F79EFBC}") = "TestProject1", "..\TestProject1\TestProject1.csproj", "{601C0D57-B41D-4AF6-96F0-DD1FDC5A0D36}"
EndProject
Global
	GlobalSection(SolutionConfigurationPlatforms) = preSolution
		Debug|Any CPU = Debug|Any CPU
		Release|Any CPU = Release|Any CPU
	EndGlobalSection
	GlobalSection(ProjectConfigurationPlatforms) = postSolution
		{19150A0E-CB1A-4A09-BF1C-25E5857CF7F9}.Debug|Any CPU.ActiveCfg = Debug|Any CPU
		{19150A0E-CB1A-4A09-BF1C-25E5857CF7F9}.Debug|Any CPU.Build.0 = Debug|Any CPU
		{19150A0E-CB1A-4A09-BF1C-25E5857CF7F9}.Release|Any CPU.ActiveCfg = Release|Any CPU
		{19150A0E-CB1A-4A09-BF1C-25E5857CF7F9}.Release|Any CPU.Build.0 = Release|Any CPU
		{1110F51C-8684-4826-BC18-DE76F6A4A147}.Debug|Any CPU.ActiveCfg = Debug|Any CPU
		{1110F51C-8684-4826-BC18-DE76F6A4A147}.Debug|Any CPU.Build.0 = Debug|Any CPU
		{1110F51C-8684-4826-BC18-DE76F6A4A147}.Release|Any CPU.ActiveCfg = Release|Any CPU
		{1110F51C-8684-4826-BC18-DE76F6A4A147}.Release|Any CPU.Build.0 = Release|Any CPU
		{A947F42A-031F-4183-BB77-AC2E2802C4FB}.Debug|Any CPU.ActiveCfg = Debug|Any CPU
		{A947F42A-031F-4183-BB77-AC2E2802C4FB}.Debug|Any CPU.Build.0 = Debug|Any CPU
		{A947F42A-031F-4183-BB77-AC2E2802C4FB}.Release|Any CPU.ActiveCfg = Release|Any CPU
		{A947F42A-031F-4183-BB77-AC2E2802C4FB}.Release|Any CPU.Build.0 = Release|Any CPU
		{601C0D57-B41D-4AF6-96F0-DD1FDC5A0D36}.Debug|Any CPU.ActiveCfg = Debug|Any CPU
		{601C0D57-B41D-4AF6-96F0-DD1FDC5A0D36}.Debug|Any CPU.Build.0 = Debug|Any CPU
		{601C0D57-B41D-4AF6-96F0-DD1FDC5A0D36}.Release|Any CPU.ActiveCfg = Release|Any CPU
		{601C0D57-B41D-4AF6-96F0-DD1FDC5A0D36}.Release|Any CPU.Build.0 = Release|Any CPU
	EndGlobalSection
	GlobalSection(SolutionProperties) = preSolution
		HideSolutionNode = FALSE
	EndGlobalSection
EndGlobal
